// !$*UTF8*$!
{
	archiveVersion = 1;
	classes = {
	};
	objectVersion = 56;
	objects = {

/* Begin PBXBuildFile section */
		524CCAD22A7FB5EC00F97E73 /* main.m in Sources */ = {isa = PBXBuildFile; fileRef = 524CCAD12A7FB5EC00F97E73 /* main.m */; };
		524CCADC2A7FBD4200F97E73 /* Calculator.m in Sources */ = {isa = PBXBuildFile; fileRef = 524CCADB2A7FBD4200F97E73 /* Calculator.m */; };
		524CCADF2A7FC02000F97E73 /* Square.m in Sources */ = {isa = PBXBuildFile; fileRef = 524CCADE2A7FC02000F97E73 /* Square.m */; };
		524CCAE22A7FC0E900F97E73 /* Logarifm.m in Sources */ = {isa = PBXBuildFile; fileRef = 524CCAE12A7FC0E900F97E73 /* Logarifm.m */; };
/* End PBXBuildFile section */

/* Begin PBXCopyFilesBuildPhase section */
		524CCACC2A7FB5EC00F97E73 /* CopyFiles */ = {
			isa = PBXCopyFilesBuildPhase;
			buildActionMask = 2147483647;
			dstPath = /usr/share/man/man1/;
			dstSubfolderSpec = 0;
			files = (
			);
			runOnlyForDeploymentPostprocessing = 1;
		};
/* End PBXCopyFilesBuildPhase section */

/* Begin PBXFileReference section */
		524CCACE2A7FB5EC00F97E73 /* Seminar1HW */ = {isa = PBXFileReference; explicitFileType = "compiled.mach-o.executable"; includeInIndex = 0; path = Seminar1HW; sourceTree = BUILT_PRODUCTS_DIR; };
		524CCAD12A7FB5EC00F97E73 /* main.m */ = {isa = PBXFileReference; lastKnownFileType = sourcecode.c.objc; path = main.m; sourceTree = "<group>"; };
		524CCADA2A7FBD4200F97E73 /* Calculator.h */ = {isa = PBXFileReference; lastKnownFileType = sourcecode.c.h; path = Calculator.h; sourceTree = "<group>"; };
		524CCADB2A7FBD4200F97E73 /* Calculator.m */ = {isa = PBXFileReference; lastKnownFileType = sourcecode.c.objc; path = Calculator.m; sourceTree = "<group>"; };
		524CCADD2A7FC02000F97E73 /* Square.h */ = {isa = PBXFileReference; lastKnownFileType = sourcecode.c.h; path = Square.h; sourceTree = "<group>"; };
		524CCADE2A7FC02000F97E73 /* Square.m */ = {isa = PBXFileReference; lastKnownFileType = sourcecode.c.objc; path = Square.m; sourceTree = "<group>"; };
		524CCAE02A7FC0E900F97E73 /* Logarifm.h */ = {isa = PBXFileReference; lastKnownFileType = sourcecode.c.h; path = Logarifm.h; sourceTree = "<group>"; };
		524CCAE12A7FC0E900F97E73 /* Logarifm.m */ = {isa = PBXFileReference; lastKnownFileType = sourcecode.c.objc; path = Logarifm.m; sourceTree = "<group>"; };
/* End PBXFileReference section */

/* Begin PBXFrameworksBuildPhase section */
		524CCACB2A7FB5EC00F97E73 /* Frameworks */ = {
			isa = PBXFrameworksBuildPhase;
			buildActionMask = 2147483647;
			files = (
			);
			runOnlyForDeploymentPostprocessing = 0;
		};
/* End PBXFrameworksBuildPhase section */

/* Begin PBXGroup section */
		524CCAC52A7FB5EB00F97E73 = {
			isa = PBXGroup;
			children = (
				524CCAD02A7FB5EC00F97E73 /* Seminar1HW */,
				524CCACF2A7FB5EC00F97E73 /* Products */,
			);
			sourceTree = "<group>";
		};
		524CCACF2A7FB5EC00F97E73 /* Products */ = {
			isa = PBXGroup;
			children = (
				524CCACE2A7FB5EC00F97E73 /* Seminar1HW */,
			);
			name = Products;
			sourceTree = "<group>";
		};
		524CCAD02A7FB5EC00F97E73 /* Seminar1HW */ = {
			isa = PBXGroup;
			children = (
				524CCAD12A7FB5EC00F97E73 /* main.m */,
				524CCADA2A7FBD4200F97E73 /* Calculator.h */,
				524CCADB2A7FBD4200F97E73 /* Calculator.m */,
				524CCADE2A7FC02000F97E73 /* Square.m */,
				524CCADD2A7FC02000F97E73 /* Square.h */,
				524CCAE02A7FC0E900F97E73 /* Logarifm.h */,
				524CCAE12A7FC0E900F97E73 /* Logarifm.m */,
			);
			path = Seminar1HW;
			sourceTree = "<group>";
		};
/* End PBXGroup section */

/* Begin PBXNativeTarget section */
		524CCACD2A7FB5EC00F97E73 /* Seminar1HW */ = {
			isa = PBXNativeTarget;
			buildConfigurationList = 524CCAD52A7FB5EC00F97E73 /* Build configuration list for PBXNativeTarget "Seminar1HW" */;
			buildPhases = (
				524CCACA2A7FB5EC00F97E73 /* Sources */,
				524CCACB2A7FB5EC00F97E73 /* Frameworks */,
				524CCACC2A7FB5EC00F97E73 /* CopyFiles */,
			);
			buildRules = (
			);
			dependencies = (
			);
			name = Seminar1HW;
			productName = Seminar1HW;
			productReference = 524CCACE2A7FB5EC00F97E73 /* Seminar1HW */;
			productType = "com.apple.product-type.tool";
		};
/* End PBXNativeTarget section */

/* Begin PBXProject section */
		524CCAC62A7FB5EB00F97E73 /* Project object */ = {
			isa = PBXProject;
			attributes = {
				BuildIndependentTargetsInParallel = 1;
				LastUpgradeCheck = 1430;
				TargetAttributes = {
					524CCACD2A7FB5EC00F97E73 = {
						CreatedOnToolsVersion = 14.3.1;
					};
				};
			};
			buildConfigurationList = 524CCAC92A7FB5EB00F97E73 /* Build configuration list for PBXProject "Seminar1HW" */;
			compatibilityVersion = "Xcode 14.0";
			developmentRegion = en;
			hasScannedForEncodings = 0;
			knownRegions = (
				en,
				Base,
			);
			mainGroup = 524CCAC52A7FB5EB00F97E73;
			productRefGroup = 524CCACF2A7FB5EC00F97E73 /* Products */;
			projectDirPath = "";
			projectRoot = "";
			targets = (
				524CCACD2A7FB5EC00F97E73 /* Seminar1HW */,
			);
		};
/* End PBXProject section */

/* Begin PBXSourcesBuildPhase section */
		524CCACA2A7FB5EC00F97E73 /* Sources */ = {
			isa = PBXSourcesBuildPhase;
			buildActionMask = 2147483647;
			files = (
				524CCADF2A7FC02000F97E73 /* Square.m in Sources */,
				524CCAD22A7FB5EC00F97E73 /* main.m in Sources */,
				524CCAE22A7FC0E900F97E73 /* Logarifm.m in Sources */,
				524CCADC2A7FBD4200F97E73 /* Calculator.m in Sources */,
			);
			runOnlyForDeploymentPostprocessing = 0;
		};
/* End PBXSourcesBuildPhase section */

/* Begin XCBuildConfiguration section */
		524CCAD32A7FB5EC00F97E73 /* Debug */ = {
			isa = XCBuildConfiguration;
			buildSettings = {
				ALWAYS_SEARCH_USER_PATHS = NO;
				CLANG_ANALYZER_NONNULL = YES;
				CLANG_ANALYZER_NUMBER_OBJECT_CONVERSION = YES_AGGRESSIVE;
				CLANG_CXX_LANGUAGE_STANDARD = "gnu++20";
				CLANG_ENABLE_MODULES = YES;
				CLANG_ENABLE_OBJC_ARC = YES;
				CLANG_ENABLE_OBJC_WEAK = YES;
				CLANG_WARN_BLOCK_CAPTURE_AUTORELEASING = YES;
				CLANG_WARN_BOOL_CONVERSION = YES;
				CLANG_WARN_COMMA = YES;
				CLANG_WARN_CONSTANT_CONVERSION = YES;
				CLANG_WARN_DEPRECATED_OBJC_IMPLEMENTATIONS = YES;
				CLANG_WARN_DIRECT_OBJC_ISA_USAGE = YES_ERROR;
				CLANG_WARN_DOCUMENTATION_COMMENTS = YES;
				CLANG_WARN_EMPTY_BODY = YES;
				CLANG_WARN_ENUM_CONVERSION = YES;
				CLANG_WARN_INFINITE_RECURSION = YES;
				CLANG_WARN_INT_CONVERSION = YES;
				CLANG_WARN_NON_LITERAL_NULL_CONVERSION = YES;
				CLANG_WARN_OBJC_IMPLICIT_RETAIN_SELF = YES;
				CLANG_WARN_OBJC_LITERAL_CONVERSION = YES;
				CLANG_WARN_OBJC_ROOT_CLASS = YES_ERROR;
				CLANG_WARN_QUOTED_INCLUDE_IN_FRAMEWORK_HEADER = YES;
				CLANG_WARN_RANGE_LOOP_ANALYSIS = YES;
				CLANG_WARN_STRICT_PROTOTYPES = YES;
				CLANG_WARN_SUSPICIOUS_MOVE = YES;
				CLANG_WARN_UNGUARDED_AVAILABILITY = YES_AGGRESSIVE;
				CLANG_WARN_UNREACHABLE_CODE = YES;
				CLANG_WARN__DUPLICATE_METHOD_MATCH = YES;
				COPY_PHASE_STRIP = NO;
				DEBUG_INFORMATION_FORMAT = dwarf;
				ENABLE_STRICT_OBJC_MSGSEND = YES;
				ENABLE_TESTABILITY = YES;
				GCC_C_LANGUAGE_STANDARD = gnu11;
				GCC_DYNAMIC_NO_PIC = NO;
				GCC_NO_COMMON_BLOCKS = YES;
				GCC_OPTIMIZATION_LEVEL = 0;
				GCC_PREPROCESSOR_DEFINITIONS = (
					"DEBUG=1",
					"$(inherited)",
				);
				GCC_WARN_64_TO_32_BIT_CONVERSION = YES;
				GCC_WARN_ABOUT_RETURN_TYPE = YES_ERROR;
				GCC_WARN_UNDECLARED_SELECTOR = YES;
				GCC_WARN_UNINITIALIZED_AUTOS = YES_AGGRESSIVE;
				GCC_WARN_UNUSED_FUNCTION = YES;
				GCC_WARN_UNUSED_VARIABLE = YES;
				MACOSX_DEPLOYMENT_TARGET = 13.3;
				MTL_ENABLE_DEBUG_INFO = INCLUDE_SOURCE;
				MTL_FAST_MATH = YES;
				ONLY_ACTIVE_ARCH = YES;
				SDKROOT = macosx;
			};
			name = Debug;
		};
		524CCAD42A7FB5EC00F97E73 /* Release */ = {
			isa = XCBuildConfiguration;
			buildSettings = {
				ALWAYS_SEARCH_USER_PATHS = NO;
				CLANG_ANALYZER_NONNULL = YES;
				CLANG_ANALYZER_NUMBER_OBJECT_CONVERSION = YES_AGGRESSIVE;
				CLANG_CXX_LANGUAGE_STANDARD = "gnu++20";
				CLANG_ENABLE_MODULES = YES;
				CLANG_ENABLE_OBJC_ARC = YES;
				CLANG_ENABLE_OBJC_WEAK = YES;
				CLANG_WARN_BLOCK_CAPTURE_AUTORELEASING = YES;
				CLANG_WARN_BOOL_CONVERSION = YES;
				CLANG_WARN_COMMA = YES;
				CLANG_WARN_CONSTANT_CONVERSION = YES;
				CLANG_WARN_DEPRECATED_OBJC_IMPLEMENTATIONS = YES;
				CLANG_WARN_DIRECT_OBJC_ISA_USAGE = YES_ERROR;
				CLANG_WARN_DOCUMENTATION_COMMENTS = YES;
				CLANG_WARN_EMPTY_BODY = YES;
				CLANG_WARN_ENUM_CONVERSION = YES;
				CLANG_WARN_INFINITE_RECURSION = YES;
				CLANG_WARN_INT_CONVERSION = YES;
				CLANG_WARN_NON_LITERAL_NULL_CONVERSION = YES;
				CLANG_WARN_OBJC_IMPLICIT_RETAIN_SELF = YES;
				CLANG_WARN_OBJC_LITERAL_CONVERSION = YES;
				CLANG_WARN_OBJC_ROOT_CLASS = YES_ERROR;
				CLANG_WARN_QUOTED_INCLUDE_IN_FRAMEWORK_HEADER = YES;
				CLANG_WARN_RANGE_LOOP_ANALYSIS = YES;
				CLANG_WARN_STRICT_PROTOTYPES = YES;
				CLANG_WARN_SUSPICIOUS_MOVE = YES;
				CLANG_WARN_UNGUARDED_AVAILABILITY = YES_AGGRESSIVE;
				CLANG_WARN_UNREACHABLE_CODE = YES;
				CLANG_WARN__DUPLICATE_METHOD_MATCH = YES;
				COPY_PHASE_STRIP = NO;
				DEBUG_INFORMATION_FORMAT = "dwarf-with-dsym";
				ENABLE_NS_ASSERTIONS = NO;
				ENABLE_STRICT_OBJC_MSGSEND = YES;
				GCC_C_LANGUAGE_STANDARD = gnu11;
				GCC_NO_COMMON_BLOCKS = YES;
				GCC_WARN_64_TO_32_BIT_CONVERSION = YES;
				GCC_WARN_ABOUT_RETURN_TYPE = YES_ERROR;
				GCC_WARN_UNDECLARED_SELECTOR = YES;
				GCC_WARN_UNINITIALIZED_AUTOS = YES_AGGRESSIVE;
				GCC_WARN_UNUSED_FUNCTION = YES;
				GCC_WARN_UNUSED_VARIABLE = YES;
				MACOSX_DEPLOYMENT_TARGET = 13.3;
				MTL_ENABLE_DEBUG_INFO = NO;
				MTL_FAST_MATH = YES;
				SDKROOT = macosx;
			};
			name = Release;
		};
		524CCAD62A7FB5EC00F97E73 /* Debug */ = {
			isa = XCBuildConfiguration;
			buildSettings = {
				CODE_SIGN_STYLE = Automatic;
				PRODUCT_NAME = "$(TARGET_NAME)";
			};
			name = Debug;
		};
		524CCAD72A7FB5EC00F97E73 /* Release */ = {
			isa = XCBuildConfiguration;
			buildSettings = {
				CODE_SIGN_STYLE = Automatic;
				PRODUCT_NAME = "$(TARGET_NAME)";
			};
			name = Release;
		};
/* End XCBuildConfiguration section */

/* Begin XCConfigurationList section */
		524CCAC92A7FB5EB00F97E73 /* Build configuration list for PBXProject "Seminar1HW" */ = {
			isa = XCConfigurationList;
			buildConfigurations = (
				524CCAD32A7FB5EC00F97E73 /* Debug */,
				524CCAD42A7FB5EC00F97E73 /* Release */,
			);
			defaultConfigurationIsVisible = 0;
			defaultConfigurationName = Release;
		};
		524CCAD52A7FB5EC00F97E73 /* Build configuration list for PBXNativeTarget "Seminar1HW" */ = {
			isa = XCConfigurationList;
			buildConfigurations = (
				524CCAD62A7FB5EC00F97E73 /* Debug */,
				524CCAD72A7FB5EC00F97E73 /* Release */,
			);
			defaultConfigurationIsVisible = 0;
			defaultConfigurationName = Release;
		};
/* End XCConfigurationList section */
	};
	rootObject = 524CCAC62A7FB5EB00F97E73 /* Project object */;
}
