// !$*UTF8*$!
{
	archiveVersion = 1;
	classes = {
	};
	objectVersion = 56;
	objects = {

/* Begin PBXBuildFile section */
		524CCAF32A80E65D00F97E73 /* main.m in Sources */ = {isa = PBXBuildFile; fileRef = 524CCAF22A80E65D00F97E73 /* main.m */; };
		524CCAFB2A80E68D00F97E73 /* Figure.m in Sources */ = {isa = PBXBuildFile; fileRef = 524CCAFA2A80E68D00F97E73 /* Figure.m */; };
		524CCAFE2A80E6DC00F97E73 /* Rectangle.m in Sources */ = {isa = PBXBuildFile; fileRef = 524CCAFD2A80E6DC00F97E73 /* Rectangle.m */; };
		524CCB012A80E72B00F97E73 /* Circle.m in Sources */ = {isa = PBXBuildFile; fileRef = 524CCB002A80E72B00F97E73 /* Circle.m */; };
		524CCB042A80E77B00F97E73 /* Triangle.m in Sources */ = {isa = PBXBuildFile; fileRef = 524CCB032A80E77B00F97E73 /* Triangle.m */; };
/* End PBXBuildFile section */

/* Begin PBXCopyFilesBuildPhase section */
		524CCAED2A80E65D00F97E73 /* CopyFiles */ = {
			isa = PBXCopyFilesBuildPhase;
			buildActionMask = 2147483647;
			dstPath = /usr/share/man/man1/;
			dstSubfolderSpec = 0;
			files = (
			);
			runOnlyForDeploymentPostprocessing = 1;
		};
/* End PBXCopyFilesBuildPhase section */

/* Begin PBXFileReference section */
		524CCAEF2A80E65D00F97E73 /* Seminar2HW */ = {isa = PBXFileReference; explicitFileType = "compiled.mach-o.executable"; includeInIndex = 0; path = Seminar2HW; sourceTree = BUILT_PRODUCTS_DIR; };
		524CCAF22A80E65D00F97E73 /* main.m */ = {isa = PBXFileReference; lastKnownFileType = sourcecode.c.objc; path = main.m; sourceTree = "<group>"; };
		524CCAF92A80E68D00F97E73 /* Figure.h */ = {isa = PBXFileReference; lastKnownFileType = sourcecode.c.h; path = Figure.h; sourceTree = "<group>"; };
		524CCAFA2A80E68D00F97E73 /* Figure.m */ = {isa = PBXFileReference; lastKnownFileType = sourcecode.c.objc; path = Figure.m; sourceTree = "<group>"; };
		524CCAFC2A80E6DC00F97E73 /* Rectangle.h */ = {isa = PBXFileReference; lastKnownFileType = sourcecode.c.h; path = Rectangle.h; sourceTree = "<group>"; };
		524CCAFD2A80E6DC00F97E73 /* Rectangle.m */ = {isa = PBXFileReference; lastKnownFileType = sourcecode.c.objc; path = Rectangle.m; sourceTree = "<group>"; };
		524CCAFF2A80E72B00F97E73 /* Circle.h */ = {isa = PBXFileReference; lastKnownFileType = sourcecode.c.h; path = Circle.h; sourceTree = "<group>"; };
		524CCB002A80E72B00F97E73 /* Circle.m */ = {isa = PBXFileReference; lastKnownFileType = sourcecode.c.objc; path = Circle.m; sourceTree = "<group>"; };
		524CCB022A80E77B00F97E73 /* Triangle.h */ = {isa = PBXFileReference; lastKnownFileType = sourcecode.c.h; path = Triangle.h; sourceTree = "<group>"; };
		524CCB032A80E77B00F97E73 /* Triangle.m */ = {isa = PBXFileReference; lastKnownFileType = sourcecode.c.objc; path = Triangle.m; sourceTree = "<group>"; };
/* End PBXFileReference section */

/* Begin PBXFrameworksBuildPhase section */
		524CCAEC2A80E65D00F97E73 /* Frameworks */ = {
			isa = PBXFrameworksBuildPhase;
			buildActionMask = 2147483647;
			files = (
			);
			runOnlyForDeploymentPostprocessing = 0;
		};
/* End PBXFrameworksBuildPhase section */

/* Begin PBXGroup section */
		524CCAE62A80E65D00F97E73 = {
			isa = PBXGroup;
			children = (
				524CCAF12A80E65D00F97E73 /* Seminar2HW */,
				524CCAF02A80E65D00F97E73 /* Products */,
			);
			sourceTree = "<group>";
		};
		524CCAF02A80E65D00F97E73 /* Products */ = {
			isa = PBXGroup;
			children = (
				524CCAEF2A80E65D00F97E73 /* Seminar2HW */,
			);
			name = Products;
			sourceTree = "<group>";
		};
		524CCAF12A80E65D00F97E73 /* Seminar2HW */ = {
			isa = PBXGroup;
			children = (
				524CCAF22A80E65D00F97E73 /* main.m */,
				524CCAF92A80E68D00F97E73 /* Figure.h */,
				524CCAFA2A80E68D00F97E73 /* Figure.m */,
				524CCAFD2A80E6DC00F97E73 /* Rectangle.m */,
				524CCAFC2A80E6DC00F97E73 /* Rectangle.h */,
				524CCB022A80E77B00F97E73 /* Triangle.h */,
				524CCB002A80E72B00F97E73 /* Circle.m */,
				524CCAFF2A80E72B00F97E73 /* Circle.h */,
				524CCB032A80E77B00F97E73 /* Triangle.m */,
			);
			path = Seminar2HW;
			sourceTree = "<group>";
		};
/* End PBXGroup section */

/* Begin PBXNativeTarget section */
		524CCAEE2A80E65D00F97E73 /* Seminar2HW */ = {
			isa = PBXNativeTarget;
			buildConfigurationList = 524CCAF62A80E65D00F97E73 /* Build configuration list for PBXNativeTarget "Seminar2HW" */;
			buildPhases = (
				524CCAEB2A80E65D00F97E73 /* Sources */,
				524CCAEC2A80E65D00F97E73 /* Frameworks */,
				524CCAED2A80E65D00F97E73 /* CopyFiles */,
			);
			buildRules = (
			);
			dependencies = (
			);
			name = Seminar2HW;
			productName = Seminar2HW;
			productReference = 524CCAEF2A80E65D00F97E73 /* Seminar2HW */;
			productType = "com.apple.product-type.tool";
		};
/* End PBXNativeTarget section */

/* Begin PBXProject section */
		524CCAE72A80E65D00F97E73 /* Project object */ = {
			isa = PBXProject;
			attributes = {
				BuildIndependentTargetsInParallel = 1;
				LastUpgradeCheck = 1430;
				TargetAttributes = {
					524CCAEE2A80E65D00F97E73 = {
						CreatedOnToolsVersion = 14.3.1;
					};
				};
			};
			buildConfigurationList = 524CCAEA2A80E65D00F97E73 /* Build configuration list for PBXProject "Seminar2HW" */;
			compatibilityVersion = "Xcode 14.0";
			developmentRegion = en;
			hasScannedForEncodings = 0;
			knownRegions = (
				en,
				Base,
			);
			mainGroup = 524CCAE62A80E65D00F97E73;
			productRefGroup = 524CCAF02A80E65D00F97E73 /* Products */;
			projectDirPath = "";
			projectRoot = "";
			targets = (
				524CCAEE2A80E65D00F97E73 /* Seminar2HW */,
			);
		};
/* End PBXProject section */

/* Begin PBXSourcesBuildPhase section */
		524CCAEB2A80E65D00F97E73 /* Sources */ = {
			isa = PBXSourcesBuildPhase;
			buildActionMask = 2147483647;
			files = (
				524CCB042A80E77B00F97E73 /* Triangle.m in Sources */,
				524CCAF32A80E65D00F97E73 /* main.m in Sources */,
				524CCB012A80E72B00F97E73 /* Circle.m in Sources */,
				524CCAFB2A80E68D00F97E73 /* Figure.m in Sources */,
				524CCAFE2A80E6DC00F97E73 /* Rectangle.m in Sources */,
			);
			runOnlyForDeploymentPostprocessing = 0;
		};
/* End PBXSourcesBuildPhase section */

/* Begin XCBuildConfiguration section */
		524CCAF42A80E65D00F97E73 /* Debug */ = {
			isa = XCBuildConfiguration;
			buildSettings = {
				ALWAYS_SEARCH_USER_PATHS = NO;
				CLANG_ANALYZER_NONNULL = YES;
				CLANG_ANALYZER_NUMBER_OBJECT_CONVERSION = YES_AGGRESSIVE;
				CLANG_CXX_LANGUAGE_STANDARD = "gnu++20";
				CLANG_ENABLE_MODULES = YES;
				CLANG_ENABLE_OBJC_ARC = YES;
				CLANG_ENABLE_OBJC_WEAK = YES;
				CLANG_WARN_BLOCK_CAPTURE_AUTORELEASING = YES;
				CLANG_WARN_BOOL_CONVERSION = YES;
				CLANG_WARN_COMMA = YES;
				CLANG_WARN_CONSTANT_CONVERSION = YES;
				CLANG_WARN_DEPRECATED_OBJC_IMPLEMENTATIONS = YES;
				CLANG_WARN_DIRECT_OBJC_ISA_USAGE = YES_ERROR;
				CLANG_WARN_DOCUMENTATION_COMMENTS = YES;
				CLANG_WARN_EMPTY_BODY = YES;
				CLANG_WARN_ENUM_CONVERSION = YES;
				CLANG_WARN_INFINITE_RECURSION = YES;
				CLANG_WARN_INT_CONVERSION = YES;
				CLANG_WARN_NON_LITERAL_NULL_CONVERSION = YES;
				CLANG_WARN_OBJC_IMPLICIT_RETAIN_SELF = YES;
				CLANG_WARN_OBJC_LITERAL_CONVERSION = YES;
				CLANG_WARN_OBJC_ROOT_CLASS = YES_ERROR;
				CLANG_WARN_QUOTED_INCLUDE_IN_FRAMEWORK_HEADER = YES;
				CLANG_WARN_RANGE_LOOP_ANALYSIS = YES;
				CLANG_WARN_STRICT_PROTOTYPES = YES;
				CLANG_WARN_SUSPICIOUS_MOVE = YES;
				CLANG_WARN_UNGUARDED_AVAILABILITY = YES_AGGRESSIVE;
				CLANG_WARN_UNREACHABLE_CODE = YES;
				CLANG_WARN__DUPLICATE_METHOD_MATCH = YES;
				COPY_PHASE_STRIP = NO;
				DEBUG_INFORMATION_FORMAT = dwarf;
				ENABLE_STRICT_OBJC_MSGSEND = YES;
				ENABLE_TESTABILITY = YES;
				GCC_C_LANGUAGE_STANDARD = gnu11;
				GCC_DYNAMIC_NO_PIC = NO;
				GCC_NO_COMMON_BLOCKS = YES;
				GCC_OPTIMIZATION_LEVEL = 0;
				GCC_PREPROCESSOR_DEFINITIONS = (
					"DEBUG=1",
					"$(inherited)",
				);
				GCC_WARN_64_TO_32_BIT_CONVERSION = YES;
				GCC_WARN_ABOUT_RETURN_TYPE = YES_ERROR;
				GCC_WARN_UNDECLARED_SELECTOR = YES;
				GCC_WARN_UNINITIALIZED_AUTOS = YES_AGGRESSIVE;
				GCC_WARN_UNUSED_FUNCTION = YES;
				GCC_WARN_UNUSED_VARIABLE = YES;
				MACOSX_DEPLOYMENT_TARGET = 13.3;
				MTL_ENABLE_DEBUG_INFO = INCLUDE_SOURCE;
				MTL_FAST_MATH = YES;
				ONLY_ACTIVE_ARCH = YES;
				SDKROOT = macosx;
			};
			name = Debug;
		};
		524CCAF52A80E65D00F97E73 /* Release */ = {
			isa = XCBuildConfiguration;
			buildSettings = {
				ALWAYS_SEARCH_USER_PATHS = NO;
				CLANG_ANALYZER_NONNULL = YES;
				CLANG_ANALYZER_NUMBER_OBJECT_CONVERSION = YES_AGGRESSIVE;
				CLANG_CXX_LANGUAGE_STANDARD = "gnu++20";
				CLANG_ENABLE_MODULES = YES;
				CLANG_ENABLE_OBJC_ARC = YES;
				CLANG_ENABLE_OBJC_WEAK = YES;
				CLANG_WARN_BLOCK_CAPTURE_AUTORELEASING = YES;
				CLANG_WARN_BOOL_CONVERSION = YES;
				CLANG_WARN_COMMA = YES;
				CLANG_WARN_CONSTANT_CONVERSION = YES;
				CLANG_WARN_DEPRECATED_OBJC_IMPLEMENTATIONS = YES;
				CLANG_WARN_DIRECT_OBJC_ISA_USAGE = YES_ERROR;
				CLANG_WARN_DOCUMENTATION_COMMENTS = YES;
				CLANG_WARN_EMPTY_BODY = YES;
				CLANG_WARN_ENUM_CONVERSION = YES;
				CLANG_WARN_INFINITE_RECURSION = YES;
				CLANG_WARN_INT_CONVERSION = YES;
				CLANG_WARN_NON_LITERAL_NULL_CONVERSION = YES;
				CLANG_WARN_OBJC_IMPLICIT_RETAIN_SELF = YES;
				CLANG_WARN_OBJC_LITERAL_CONVERSION = YES;
				CLANG_WARN_OBJC_ROOT_CLASS = YES_ERROR;
				CLANG_WARN_QUOTED_INCLUDE_IN_FRAMEWORK_HEADER = YES;
				CLANG_WARN_RANGE_LOOP_ANALYSIS = YES;
				CLANG_WARN_STRICT_PROTOTYPES = YES;
				CLANG_WARN_SUSPICIOUS_MOVE = YES;
				CLANG_WARN_UNGUARDED_AVAILABILITY = YES_AGGRESSIVE;
				CLANG_WARN_UNREACHABLE_CODE = YES;
				CLANG_WARN__DUPLICATE_METHOD_MATCH = YES;
				COPY_PHASE_STRIP = NO;
				DEBUG_INFORMATION_FORMAT = "dwarf-with-dsym";
				ENABLE_NS_ASSERTIONS = NO;
				ENABLE_STRICT_OBJC_MSGSEND = YES;
				GCC_C_LANGUAGE_STANDARD = gnu11;
				GCC_NO_COMMON_BLOCKS = YES;
				GCC_WARN_64_TO_32_BIT_CONVERSION = YES;
				GCC_WARN_ABOUT_RETURN_TYPE = YES_ERROR;
				GCC_WARN_UNDECLARED_SELECTOR = YES;
				GCC_WARN_UNINITIALIZED_AUTOS = YES_AGGRESSIVE;
				GCC_WARN_UNUSED_FUNCTION = YES;
				GCC_WARN_UNUSED_VARIABLE = YES;
				MACOSX_DEPLOYMENT_TARGET = 13.3;
				MTL_ENABLE_DEBUG_INFO = NO;
				MTL_FAST_MATH = YES;
				SDKROOT = macosx;
			};
			name = Release;
		};
		524CCAF72A80E65D00F97E73 /* Debug */ = {
			isa = XCBuildConfiguration;
			buildSettings = {
				CODE_SIGN_STYLE = Automatic;
				PRODUCT_NAME = "$(TARGET_NAME)";
			};
			name = Debug;
		};
		524CCAF82A80E65D00F97E73 /* Release */ = {
			isa = XCBuildConfiguration;
			buildSettings = {
				CODE_SIGN_STYLE = Automatic;
				PRODUCT_NAME = "$(TARGET_NAME)";
			};
			name = Release;
		};
/* End XCBuildConfiguration section */

/* Begin XCConfigurationList section */
		524CCAEA2A80E65D00F97E73 /* Build configuration list for PBXProject "Seminar2HW" */ = {
			isa = XCConfigurationList;
			buildConfigurations = (
				524CCAF42A80E65D00F97E73 /* Debug */,
				524CCAF52A80E65D00F97E73 /* Release */,
			);
			defaultConfigurationIsVisible = 0;
			defaultConfigurationName = Release;
		};
		524CCAF62A80E65D00F97E73 /* Build configuration list for PBXNativeTarget "Seminar2HW" */ = {
			isa = XCConfigurationList;
			buildConfigurations = (
				524CCAF72A80E65D00F97E73 /* Debug */,
				524CCAF82A80E65D00F97E73 /* Release */,
			);
			defaultConfigurationIsVisible = 0;
			defaultConfigurationName = Release;
		};
/* End XCConfigurationList section */
	};
	rootObject = 524CCAE72A80E65D00F97E73 /* Project object */;
}
